
Microsoft Visual Studio Solution File, Format Version 12.00
# Visual Studio Version 17
VisualStudioVersion = 17.3.32611.2
MinimumVisualStudioVersion = 10.0.40219.1
Project("{9A19103F-16F7-4668-BE54-9A1E7A4F7556}") = "AraHaan.EFCore.Plugins", "AraHaan.EFCore.Plugins\AraHaan.EFCore.Plugins.csproj", "{0B4E135A-7BF6-4D23-8C13-660E96015CEC}"
EndProject
Global
	GlobalSection(SolutionConfigurationPlatforms) = preSolution
		Debug|Any CPU = Debug|Any CPU
		Release|Any CPU = Release|Any CPU
	EndGlobalSection
	GlobalSection(ProjectConfigurationPlatforms) = postSolution
		{0B4E135A-7BF6-4D23-8C13-660E96015CEC}.Debug|Any CPU.ActiveCfg = Debug|Any CPU
		{0B4E135A-7BF6-4D23-8C13-660E96015CEC}.Debug|Any CPU.Build.0 = Debug|Any CPU
		{0B4E135A-7BF6-4D23-8C13-660E96015CEC}.Release|Any CPU.ActiveCfg = Release|Any CPU
		{0B4E135A-7BF6-4D23-8C13-660E96015CEC}.Release|Any CPU.Build.0 = Release|Any CPU
	EndGlobalSection
	GlobalSection(SolutionProperties) = preSolution
		HideSolutionNode = FALSE
	EndGlobalSection
	GlobalSection(ExtensibilityGlobals) = postSolution
		SolutionGuid = {8D3E6CE7-091A-452B-9EE9-A0D2F9A28D2B}
	EndGlobalSection
EndGlobal
